Microsoft Visual Studio Solution File, Format Version 12.00
# Visual Studio 14
VisualStudioVersion = 14.0.23107.0
MinimumVisualStudioVersion = 10.0.40219.1
Project("{8BC9CEB8-8B4A-11D0-8D11-00A0C91BC942}") = "ALL_BUILD", "ALL_BUILD.vcxproj", "{2245C6C0-BCC0-4486-8B96-F802A394EEE0}"
	ProjectSection(ProjectDependencies) = postProject
		{154E2B0E-3295-4955-902C-4B6089A99C63} = {154E2B0E-3295-4955-902C-4B6089A99C63}
		{12973E13-380F-4F5C-A7C2-65DF0D5C6FA6} = {12973E13-380F-4F5C-A7C2-65DF0D5C6FA6}
		{414B2158-D578-4145-8A94-76AFD9B714FC} = {414B2158-D578-4145-8A94-76AFD9B714FC}
		{8805F879-2BEF-4091-B9C6-24FBA726AB05} = {8805F879-2BEF-4091-B9C6-24FBA726AB05}
		{95FD39A8-FBAE-45A7-870E-41979EEFF2F5} = {95FD39A8-FBAE-45A7-870E-41979EEFF2F5}
	EndProjectSection
EndProject
Project("{8BC9CEB8-8B4A-11D0-8D11-00A0C91BC942}") = "INSTALL", "INSTALL.vcxproj", "{A5930F45-30B5-457B-90D2-A44AB1EAF9A8}"
	ProjectSection(ProjectDependencies) = postProject
		{2245C6C0-BCC0-4486-8B96-F802A394EEE0} = {2245C6C0-BCC0-4486-8B96-F802A394EEE0}
	EndProjectSection
EndProject
Project("{8BC9CEB8-8B4A-11D0-8D11-00A0C91BC942}") = "Lightning", "Lightning.vcxproj", "{414B2158-D578-4145-8A94-76AFD9B714FC}"
	ProjectSection(ProjectDependencies) = postProject
		{154E2B0E-3295-4955-902C-4B6089A99C63} = {154E2B0E-3295-4955-902C-4B6089A99C63}
		{12973E13-380F-4F5C-A7C2-65DF0D5C6FA6} = {12973E13-380F-4F5C-A7C2-65DF0D5C6FA6}
		{8805F879-2BEF-4091-B9C6-24FBA726AB05} = {8805F879-2BEF-4091-B9C6-24FBA726AB05}
		{95FD39A8-FBAE-45A7-870E-41979EEFF2F5} = {95FD39A8-FBAE-45A7-870E-41979EEFF2F5}
		{C32FB2B4-500C-43CD-A099-EECCE079D3F1} = {C32FB2B4-500C-43CD-A099-EECCE079D3F1}
	EndProjectSection
EndProject
Project("{8BC9CEB8-8B4A-11D0-8D11-00A0C91BC942}") = "ZERO_CHECK", "ZERO_CHECK.vcxproj", "{8805F879-2BEF-4091-B9C6-24FBA726AB05}"
EndProject
Project("{8BC9CEB8-8B4A-11D0-8D11-00A0C91BC942}") = "assimp", "Lightning\3rdparty\assimp\code\assimp.vcxproj", "{12973E13-380F-4F5C-A7C2-65DF0D5C6FA6}"
	ProjectSection(ProjectDependencies) = postProject
		{154E2B0E-3295-4955-902C-4B6089A99C63} = {154E2B0E-3295-4955-902C-4B6089A99C63}
		{8805F879-2BEF-4091-B9C6-24FBA726AB05} = {8805F879-2BEF-4091-B9C6-24FBA726AB05}
	EndProjectSection
EndProject
Project("{8BC9CEB8-8B4A-11D0-8D11-00A0C91BC942}") = "glfw", "Lightning\3rdparty\glfw\src\glfw.vcxproj", "{95FD39A8-FBAE-45A7-870E-41979EEFF2F5}"
	ProjectSection(ProjectDependencies) = postProject
		{8805F879-2BEF-4091-B9C6-24FBA726AB05} = {8805F879-2BEF-4091-B9C6-24FBA726AB05}
	EndProjectSection
EndProject
Project("{8BC9CEB8-8B4A-11D0-8D11-00A0C91BC942}") = "uninstall", "Lightning\3rdparty\glfw\uninstall.vcxproj", "{B92D4BF1-32D2-4C6A-8BD2-C5602FD22144}"
	ProjectSection(ProjectDependencies) = postProject
		{8805F879-2BEF-4091-B9C6-24FBA726AB05} = {8805F879-2BEF-4091-B9C6-24FBA726AB05}
	EndProjectSection
EndProject
Project("{8BC9CEB8-8B4A-11D0-8D11-00A0C91BC942}") = "zlibstatic", "Lightning\3rdparty\assimp\contrib\zlib\zlibstatic.vcxproj", "{154E2B0E-3295-4955-902C-4B6089A99C63}"
	ProjectSection(ProjectDependencies) = postProject
		{8805F879-2BEF-4091-B9C6-24FBA726AB05} = {8805F879-2BEF-4091-B9C6-24FBA726AB05}
	EndProjectSection
EndProject
Project("{2150E333-8FDC-42A3-9474-1A3956D46DE8}") = "CMakePredefinedTargets", "CMakePredefinedTargets", "{10288774-8454-427C-9DE0-504C309AFBE9}"
EndProject
Project("{2150E333-8FDC-42A3-9474-1A3956D46DE8}") = "GLFW3", "GLFW3", "{8ECF712E-49E1-4F4B-B578-462E7582E901}"
EndProject
Project("{8BC9CEB8-8B4A-11D0-8D11-00A0C91BC942}") = "SOIL", "Lightning\3rdparty\soil\projects\VC9\SOIL.vcxproj", "{C32FB2B4-500C-43CD-A099-EECCE079D3F1}"
EndProject
Global
	GlobalSection(SolutionConfigurationPlatforms) = preSolution
		Debug|x64 = Debug|x64
		Debug|x86 = Debug|x86
		MinSizeRel|x64 = MinSizeRel|x64
		MinSizeRel|x86 = MinSizeRel|x86
		Release|x64 = Release|x64
		Release|x86 = Release|x86
		RelWithDebInfo|x64 = RelWithDebInfo|x64
		RelWithDebInfo|x86 = RelWithDebInfo|x86
	EndGlobalSection
	GlobalSection(ProjectConfigurationPlatforms) = postSolution
		{2245C6C0-BCC0-4486-8B96-F802A394EEE0}.Debug|x64.ActiveCfg = Debug|x64
		{2245C6C0-BCC0-4486-8B96-F802A394EEE0}.Debug|x64.Build.0 = Debug|x64
		{2245C6C0-BCC0-4486-8B96-F802A394EEE0}.Debug|x86.ActiveCfg = Debug|x64
		{2245C6C0-BCC0-4486-8B96-F802A394EEE0}.MinSizeRel|x64.ActiveCfg = MinSizeRel|x64
		{2245C6C0-BCC0-4486-8B96-F802A394EEE0}.MinSizeRel|x64.Build.0 = MinSizeRel|x64
		{2245C6C0-BCC0-4486-8B96-F802A394EEE0}.MinSizeRel|x86.ActiveCfg = MinSizeRel|x64
		{2245C6C0-BCC0-4486-8B96-F802A394EEE0}.Release|x64.ActiveCfg = Release|x64
		{2245C6C0-BCC0-4486-8B96-F802A394EEE0}.Release|x64.Build.0 = Release|x64
		{2245C6C0-BCC0-4486-8B96-F802A394EEE0}.Release|x86.ActiveCfg = Release|x64
		{2245C6C0-BCC0-4486-8B96-F802A394EEE0}.RelWithDebInfo|x64.ActiveCfg = RelWithDebInfo|x64
		{2245C6C0-BCC0-4486-8B96-F802A394EEE0}.RelWithDebInfo|x64.Build.0 = RelWithDebInfo|x64
		{2245C6C0-BCC0-4486-8B96-F802A394EEE0}.RelWithDebInfo|x86.ActiveCfg = RelWithDebInfo|x64
		{A5930F45-30B5-457B-90D2-A44AB1EAF9A8}.Debug|x64.ActiveCfg = Debug|x64
		{A5930F45-30B5-457B-90D2-A44AB1EAF9A8}.Debug|x86.ActiveCfg = Debug|x64
		{A5930F45-30B5-457B-90D2-A44AB1EAF9A8}.MinSizeRel|x64.ActiveCfg = MinSizeRel|x64
		{A5930F45-30B5-457B-90D2-A44AB1EAF9A8}.MinSizeRel|x86.ActiveCfg = MinSizeRel|x64
		{A5930F45-30B5-457B-90D2-A44AB1EAF9A8}.Release|x64.ActiveCfg = Release|x64
		{A5930F45-30B5-457B-90D2-A44AB1EAF9A8}.Release|x86.ActiveCfg = Release|x64
		{A5930F45-30B5-457B-90D2-A44AB1EAF9A8}.RelWithDebInfo|x64.ActiveCfg = RelWithDebInfo|x64
		{A5930F45-30B5-457B-90D2-A44AB1EAF9A8}.RelWithDebInfo|x86.ActiveCfg = RelWithDebInfo|x64
		{414B2158-D578-4145-8A94-76AFD9B714FC}.Debug|x64.ActiveCfg = Debug|x64
		{414B2158-D578-4145-8A94-76AFD9B714FC}.Debug|x64.Build.0 = Debug|x64
		{414B2158-D578-4145-8A94-76AFD9B714FC}.Debug|x86.ActiveCfg = Debug|x64
		{414B2158-D578-4145-8A94-76AFD9B714FC}.MinSizeRel|x64.ActiveCfg = MinSizeRel|x64
		{414B2158-D578-4145-8A94-76AFD9B714FC}.MinSizeRel|x64.Build.0 = MinSizeRel|x64
		{414B2158-D578-4145-8A94-76AFD9B714FC}.MinSizeRel|x86.ActiveCfg = MinSizeRel|x64
		{414B2158-D578-4145-8A94-76AFD9B714FC}.Release|x64.ActiveCfg = Release|x64
		{414B2158-D578-4145-8A94-76AFD9B714FC}.Release|x64.Build.0 = Release|x64
		{414B2158-D578-4145-8A94-76AFD9B714FC}.Release|x86.ActiveCfg = Release|x64
		{414B2158-D578-4145-8A94-76AFD9B714FC}.RelWithDebInfo|x64.ActiveCfg = RelWithDebInfo|x64
		{414B2158-D578-4145-8A94-76AFD9B714FC}.RelWithDebInfo|x64.Build.0 = RelWithDebInfo|x64
		{414B2158-D578-4145-8A94-76AFD9B714FC}.RelWithDebInfo|x86.ActiveCfg = RelWithDebInfo|x64
		{8805F879-2BEF-4091-B9C6-24FBA726AB05}.Debug|x64.ActiveCfg = Debug|x64
		{8805F879-2BEF-4091-B9C6-24FBA726AB05}.Debug|x64.Build.0 = Debug|x64
		{8805F879-2BEF-4091-B9C6-24FBA726AB05}.Debug|x86.ActiveCfg = Debug|x64
		{8805F879-2BEF-4091-B9C6-24FBA726AB05}.MinSizeRel|x64.ActiveCfg = MinSizeRel|x64
		{8805F879-2BEF-4091-B9C6-24FBA726AB05}.MinSizeRel|x64.Build.0 = MinSizeRel|x64
		{8805F879-2BEF-4091-B9C6-24FBA726AB05}.MinSizeRel|x86.ActiveCfg = MinSizeRel|x64
		{8805F879-2BEF-4091-B9C6-24FBA726AB05}.Release|x64.ActiveCfg = Release|x64
		{8805F879-2BEF-4091-B9C6-24FBA726AB05}.Release|x64.Build.0 = Release|x64
		{8805F879-2BEF-4091-B9C6-24FBA726AB05}.Release|x86.ActiveCfg = Release|x64
		{8805F879-2BEF-4091-B9C6-24FBA726AB05}.RelWithDebInfo|x64.ActiveCfg = RelWithDebInfo|x64
		{8805F879-2BEF-4091-B9C6-24FBA726AB05}.RelWithDebInfo|x64.Build.0 = RelWithDebInfo|x64
		{8805F879-2BEF-4091-B9C6-24FBA726AB05}.RelWithDebInfo|x86.ActiveCfg = RelWithDebInfo|x64
		{12973E13-380F-4F5C-A7C2-65DF0D5C6FA6}.Debug|x64.ActiveCfg = Debug|x64
		{12973E13-380F-4F5C-A7C2-65DF0D5C6FA6}.Debug|x64.Build.0 = Debug|x64
		{12973E13-380F-4F5C-A7C2-65DF0D5C6FA6}.Debug|x86.ActiveCfg = Debug|x64
		{12973E13-380F-4F5C-A7C2-65DF0D5C6FA6}.MinSizeRel|x64.ActiveCfg = MinSizeRel|x64
		{12973E13-380F-4F5C-A7C2-65DF0D5C6FA6}.MinSizeRel|x64.Build.0 = MinSizeRel|x64
		{12973E13-380F-4F5C-A7C2-65DF0D5C6FA6}.MinSizeRel|x86.ActiveCfg = MinSizeRel|x64
		{12973E13-380F-4F5C-A7C2-65DF0D5C6FA6}.Release|x64.ActiveCfg = Release|x64
		{12973E13-380F-4F5C-A7C2-65DF0D5C6FA6}.Release|x64.Build.0 = Release|x64
		{12973E13-380F-4F5C-A7C2-65DF0D5C6FA6}.Release|x86.ActiveCfg = Release|x64
		{12973E13-380F-4F5C-A7C2-65DF0D5C6FA6}.RelWithDebInfo|x64.ActiveCfg = RelWithDebInfo|x64
		{12973E13-380F-4F5C-A7C2-65DF0D5C6FA6}.RelWithDebInfo|x64.Build.0 = RelWithDebInfo|x64
		{12973E13-380F-4F5C-A7C2-65DF0D5C6FA6}.RelWithDebInfo|x86.ActiveCfg = RelWithDebInfo|x64
		{95FD39A8-FBAE-45A7-870E-41979EEFF2F5}.Debug|x64.ActiveCfg = Debug|x64
		{95FD39A8-FBAE-45A7-870E-41979EEFF2F5}.Debug|x64.Build.0 = Debug|x64
		{95FD39A8-FBAE-45A7-870E-41979EEFF2F5}.Debug|x86.ActiveCfg = Debug|x64
		{95FD39A8-FBAE-45A7-870E-41979EEFF2F5}.MinSizeRel|x64.ActiveCfg = MinSizeRel|x64
		{95FD39A8-FBAE-45A7-870E-41979EEFF2F5}.MinSizeRel|x64.Build.0 = MinSizeRel|x64
		{95FD39A8-FBAE-45A7-870E-41979EEFF2F5}.MinSizeRel|x86.ActiveCfg = MinSizeRel|x64
		{95FD39A8-FBAE-45A7-870E-41979EEFF2F5}.Release|x64.ActiveCfg = Release|x64
		{95FD39A8-FBAE-45A7-870E-41979EEFF2F5}.Release|x64.Build.0 = Release|x64
		{95FD39A8-FBAE-45A7-870E-41979EEFF2F5}.Release|x86.ActiveCfg = Release|x64
		{95FD39A8-FBAE-45A7-870E-41979EEFF2F5}.RelWithDebInfo|x64.ActiveCfg = RelWithDebInfo|x64
		{95FD39A8-FBAE-45A7-870E-41979EEFF2F5}.RelWithDebInfo|x64.Build.0 = RelWithDebInfo|x64
		{95FD39A8-FBAE-45A7-870E-41979EEFF2F5}.RelWithDebInfo|x86.ActiveCfg = RelWithDebInfo|x64
		{B92D4BF1-32D2-4C6A-8BD2-C5602FD22144}.Debug|x64.ActiveCfg = Debug|x64
		{B92D4BF1-32D2-4C6A-8BD2-C5602FD22144}.Debug|x86.ActiveCfg = Debug|x64
		{B92D4BF1-32D2-4C6A-8BD2-C5602FD22144}.MinSizeRel|x64.ActiveCfg = MinSizeRel|x64
		{B92D4BF1-32D2-4C6A-8BD2-C5602FD22144}.MinSizeRel|x86.ActiveCfg = MinSizeRel|x64
		{B92D4BF1-32D2-4C6A-8BD2-C5602FD22144}.Release|x64.ActiveCfg = Release|x64
		{B92D4BF1-32D2-4C6A-8BD2-C5602FD22144}.Release|x86.ActiveCfg = Release|x64
		{B92D4BF1-32D2-4C6A-8BD2-C5602FD22144}.RelWithDebInfo|x64.ActiveCfg = RelWithDebInfo|x64
		{B92D4BF1-32D2-4C6A-8BD2-C5602FD22144}.RelWithDebInfo|x86.ActiveCfg = RelWithDebInfo|x64
		{154E2B0E-3295-4955-902C-4B6089A99C63}.Debug|x64.ActiveCfg = Debug|x64
		{154E2B0E-3295-4955-902C-4B6089A99C63}.Debug|x64.Build.0 = Debug|x64
		{154E2B0E-3295-4955-902C-4B6089A99C63}.Debug|x86.ActiveCfg = Debug|x64
		{154E2B0E-3295-4955-902C-4B6089A99C63}.MinSizeRel|x64.ActiveCfg = MinSizeRel|x64
		{154E2B0E-3295-4955-902C-4B6089A99C63}.MinSizeRel|x64.Build.0 = MinSizeRel|x64
		{154E2B0E-3295-4955-902C-4B6089A99C63}.MinSizeRel|x86.ActiveCfg = MinSizeRel|x64
		{154E2B0E-3295-4955-902C-4B6089A99C63}.Release|x64.ActiveCfg = Release|x64
		{154E2B0E-3295-4955-902C-4B6089A99C63}.Release|x64.Build.0 = Release|x64
		{154E2B0E-3295-4955-902C-4B6089A99C63}.Release|x86.ActiveCfg = Release|x64
		{154E2B0E-3295-4955-902C-4B6089A99C63}.RelWithDebInfo|x64.ActiveCfg = RelWithDebInfo|x64
		{154E2B0E-3295-4955-902C-4B6089A99C63}.RelWithDebInfo|x64.Build.0 = RelWithDebInfo|x64
		{154E2B0E-3295-4955-902C-4B6089A99C63}.RelWithDebInfo|x86.ActiveCfg = RelWithDebInfo|x64
		{C32FB2B4-500C-43CD-A099-EECCE079D3F1}.Debug|x64.ActiveCfg = Debug|x64
		{C32FB2B4-500C-43CD-A099-EECCE079D3F1}.Debug|x64.Build.0 = Debug|x64
		{C32FB2B4-500C-43CD-A099-EECCE079D3F1}.Debug|x86.ActiveCfg = Debug|Win32
		{C32FB2B4-500C-43CD-A099-EECCE079D3F1}.Debug|x86.Build.0 = Debug|Win32
		{C32FB2B4-500C-43CD-A099-EECCE079D3F1}.MinSizeRel|x64.ActiveCfg = Release|x64
		{C32FB2B4-500C-43CD-A099-EECCE079D3F1}.MinSizeRel|x64.Build.0 = Release|x64
		{C32FB2B4-500C-43CD-A099-EECCE079D3F1}.MinSizeRel|x86.ActiveCfg = Release|Win32
		{C32FB2B4-500C-43CD-A099-EECCE079D3F1}.MinSizeRel|x86.Build.0 = Release|Win32
		{C32FB2B4-500C-43CD-A099-EECCE079D3F1}.Release|x64.ActiveCfg = Release|x64
		{C32FB2B4-500C-43CD-A099-EECCE079D3F1}.Release|x64.Build.0 = Release|x64
		{C32FB2B4-500C-43CD-A099-EECCE079D3F1}.Release|x86.ActiveCfg = Release|Win32
		{C32FB2B4-500C-43CD-A099-EECCE079D3F1}.Release|x86.Build.0 = Release|Win32
		{C32FB2B4-500C-43CD-A099-EECCE079D3F1}.RelWithDebInfo|x64.ActiveCfg = Release|x64
		{C32FB2B4-500C-43CD-A099-EECCE079D3F1}.RelWithDebInfo|x64.Build.0 = Release|x64
		{C32FB2B4-500C-43CD-A099-EECCE079D3F1}.RelWithDebInfo|x86.ActiveCfg = Release|Win32
		{C32FB2B4-500C-43CD-A099-EECCE079D3F1}.RelWithDebInfo|x86.Build.0 = Release|Win32
	EndGlobalSection
	GlobalSection(SolutionProperties) = preSolution
		HideSolutionNode = FALSE
	EndGlobalSection
	GlobalSection(NestedProjects) = preSolution
		{A5930F45-30B5-457B-90D2-A44AB1EAF9A8} = {10288774-8454-427C-9DE0-504C309AFBE9}
		{8805F879-2BEF-4091-B9C6-24FBA726AB05} = {10288774-8454-427C-9DE0-504C309AFBE9}
		{95FD39A8-FBAE-45A7-870E-41979EEFF2F5} = {8ECF712E-49E1-4F4B-B578-462E7582E901}
	EndGlobalSection
EndGlobal
