
Microsoft Visual Studio Solution File, Format Version 12.00
# Visual Studio 2013
VisualStudioVersion = 12.0.30110.0
MinimumVisualStudioVersion = 10.0.40219.1
Project("{8BC9CEB8-8B4A-11D0-8D11-00A0C91BC942}") = "Lightning", "Lightning\Lightning.vcxproj", "{FC762A92-D74E-4486-859A-F41959315E21}"
EndProject
Global
	GlobalSection(SolutionConfigurationPlatforms) = preSolution
		dev|Win32 = dev|Win32
		dev|x64 = dev|x64
		publish|Win32 = publish|Win32
		publish|x64 = publish|x64
	EndGlobalSection
	GlobalSection(ProjectConfigurationPlatforms) = postSolution
		{FC762A92-D74E-4486-859A-F41959315E21}.dev|Win32.ActiveCfg = dev|Win32
		{FC762A92-D74E-4486-859A-F41959315E21}.dev|Win32.Build.0 = dev|Win32
		{FC762A92-D74E-4486-859A-F41959315E21}.dev|x64.ActiveCfg = dev|Win32
		{FC762A92-D74E-4486-859A-F41959315E21}.publish|Win32.ActiveCfg = publish|Win32
		{FC762A92-D74E-4486-859A-F41959315E21}.publish|Win32.Build.0 = publish|Win32
		{FC762A92-D74E-4486-859A-F41959315E21}.publish|x64.ActiveCfg = publish|Win32
	EndGlobalSection
	GlobalSection(SolutionProperties) = preSolution
		HideSolutionNode = FALSE
	EndGlobalSection
EndGlobal
