<?xml version="1.0" encoding="utf-8"?>
<Project ToolsVersion="4.0" xmlns="http://schemas.microsoft.com/developer/msbuild/2003">
  <ItemGroup>
    <ClCompile Include="main.cpp" />
    <ClCompile Include="resource\iniTable.cpp" />
    <ClCompile Include="manager\FileManager.cpp" />
    <ClCompile Include="core\context\WindowContext.cpp" />
    <ClCompile Include="core\fio\sources\BasicFile.cpp" />
    <ClCompile Include="core\fio\sources\Package.cpp" />
    <ClCompile Include="core\fio\limitedFileBuf.cpp" />
    <ClCompile Include="core\fio\SourcedStream.cpp" />
    <ClCompile Include="core\task\TaskList.cpp" />
  </ItemGroup>
  <ItemGroup>
    <ClInclude Include="resource\iniTable.h" />
    <ClInclude Include="manager\FileManager.h" />
    <ClInclude Include="core\context\WindowContext.h" />
    <ClInclude Include="manager\ResourceManager.h" />
    <ClInclude Include="core\task\BasicTask.h" />
    <ClInclude Include="core\task\ContextTask.h" />
    <ClInclude Include="core\fio\sources\BasicFile.h" />
    <ClInclude Include="core\fio\sources\IFileSource.h" />
    <ClInclude Include="core\fio\sources\Package.h" />
    <ClInclude Include="core\fio\limitedFileBuf.h" />
    <ClInclude Include="core\fio\SourcedStream.h" />
    <ClInclude Include="core\task\TaskList.h" />
    <ClInclude Include="resource\ResourceTree.h" />
    <ClInclude Include="resource\IntermediaryResourceHandle.h" />
    <ClInclude Include="resource\BaseResource.h" />
    <ClInclude Include="resource\ResourceHandle.h" />
  </ItemGroup>
  <ItemGroup>
    <None Include="config\display.ini" />
  </ItemGroup>
  <ItemGroup>
    <Text Include="config\backup.txt" />
  </ItemGroup>
</Project>